
Microsoft Visual Studio Solution File, Format Version 12.00
# Visual Studio Version 17
VisualStudioVersion = 17.0.31903.59
MinimumVisualStudioVersion = 10.0.40219.1
Project("{2150E333-8FDC-42A3-9474-1A3956D46DE8}") = "gateway", "gateway", "{E7BDDBC6-9FD1-D1D7-ACD8-2C4F8E3D2461}"
EndProject
Project("{FAE04EC0-301F-11D3-BF4B-00C04F79EFBC}") = "Gateway.Api", "gateway\Gateway.Api\Gateway.Api.csproj", "{BEFDB840-4E85-4676-BC25-21754DB61218}"
EndProject
Project("{FAE04EC0-301F-11D3-BF4B-00C04F79EFBC}") = "Gateway.Tests", "gateway\Gateway.Tests\Gateway.Tests.csproj", "{8FD2AAAF-BBE4-4687-878E-CA8321B5EE3D}"
EndProject
Project("{2150E333-8FDC-42A3-9474-1A3956D46DE8}") = "services", "services", "{5854FF58-B8C5-05C6-5BF2-ACE42193F22B}"
EndProject
Project("{2150E333-8FDC-42A3-9474-1A3956D46DE8}") = "user-service", "user-service", "{894F4CE1-B484-F744-A4B2-6323977B165A}"
EndProject
Project("{FAE04EC0-301F-11D3-BF4B-00C04F79EFBC}") = "UserService.Api", "services\user-service\UserService.Api\UserService.Api.csproj", "{F7939672-6B3F-4259-A363-91E23B211BAF}"
EndProject
Project("{FAE04EC0-301F-11D3-BF4B-00C04F79EFBC}") = "UserService.Application", "services\user-service\UserService.Application\UserService.Application.csproj", "{5ED4C63B-1E35-4A0A-83D3-29EB551DEE9A}"
EndProject
Project("{FAE04EC0-301F-11D3-BF4B-00C04F79EFBC}") = "UserService.Domain", "services\user-service\UserService.Domain\UserService.Domain.csproj", "{E77E2EF2-768B-4A6F-9D4C-1BE79FFD2353}"
EndProject
Project("{FAE04EC0-301F-11D3-BF4B-00C04F79EFBC}") = "UserService.Infrastructure", "services\user-service\UserService.Infrastructure\UserService.Infrastructure.csproj", "{46433DD9-41E3-4E68-AD97-85C7D7D27CD1}"
EndProject
Project("{FAE04EC0-301F-11D3-BF4B-00C04F79EFBC}") = "UserService.Tests", "services\user-service\UserService.Tests\UserService.Tests.csproj", "{0ABAF0A2-A800-447F-B48F-53E4F7C66663}"
EndProject
Project("{2150E333-8FDC-42A3-9474-1A3956D46DE8}") = "catalog-service", "catalog-service", "{0A4BA796-2639-87B5-8D50-FE6CF0121D9B}"
EndProject
Project("{FAE04EC0-301F-11D3-BF4B-00C04F79EFBC}") = "CatalogService.Api", "services\catalog-service\CatalogService.Api\CatalogService.Api.csproj", "{76CA6B96-EF53-44F4-9B02-8FAC7E84A3AA}"
EndProject
Project("{FAE04EC0-301F-11D3-BF4B-00C04F79EFBC}") = "CatalogService.Application", "services\catalog-service\CatalogService.Application\CatalogService.Application.csproj", "{562764C6-4A5B-4540-9FE5-E02C49B53F06}"
EndProject
Project("{FAE04EC0-301F-11D3-BF4B-00C04F79EFBC}") = "CatalogService.Domain", "services\catalog-service\CatalogService.Domain\CatalogService.Domain.csproj", "{01963EAE-FE90-438A-ABAF-02DBEF0BB19C}"
EndProject
Project("{FAE04EC0-301F-11D3-BF4B-00C04F79EFBC}") = "CatalogService.Infrastructure", "services\catalog-service\CatalogService.Infrastructure\CatalogService.Infrastructure.csproj", "{BD90C353-5EAA-46CB-A9CB-F90C1359B228}"
EndProject
Project("{FAE04EC0-301F-11D3-BF4B-00C04F79EFBC}") = "CatalogService.Tests", "services\catalog-service\CatalogService.Tests\CatalogService.Tests.csproj", "{0A19A4CD-BEAE-4737-B045-6BC751D81F3B}"
EndProject
Project("{2150E333-8FDC-42A3-9474-1A3956D46DE8}") = "loan-service", "loan-service", "{E9398DED-F562-AFE8-5F6E-0D7C5D6EA6E0}"
EndProject
Project("{FAE04EC0-301F-11D3-BF4B-00C04F79EFBC}") = "LoanService.Api", "services\loan-service\LoanService.Api\LoanService.Api.csproj", "{BA59E25F-F273-4ED1-896C-6E7F4EF96A97}"
EndProject
Project("{FAE04EC0-301F-11D3-BF4B-00C04F79EFBC}") = "LoanService.Application", "services\loan-service\LoanService.Application\LoanService.Application.csproj", "{7B453383-A3A7-4CC3-A315-929B6FF9A5E4}"
EndProject
Project("{FAE04EC0-301F-11D3-BF4B-00C04F79EFBC}") = "LoanService.Domain", "services\loan-service\LoanService.Domain\LoanService.Domain.csproj", "{53856AF0-BE54-433D-A43A-35E847550585}"
EndProject
Project("{FAE04EC0-301F-11D3-BF4B-00C04F79EFBC}") = "LoanService.Infrastructure", "services\loan-service\LoanService.Infrastructure\LoanService.Infrastructure.csproj", "{9EA2B76B-3C66-49C1-9BC1-5F668288C9EA}"
EndProject
Project("{FAE04EC0-301F-11D3-BF4B-00C04F79EFBC}") = "LoanService.Tests", "services\loan-service\LoanService.Tests\LoanService.Tests.csproj", "{35CEB4E5-9DC6-4666-83C9-5A509D146170}"
EndProject
Project("{2150E333-8FDC-42A3-9474-1A3956D46DE8}") = "notification-service", "notification-service", "{C11069B0-78FC-CF9E-9D65-12F697A0DBA7}"
EndProject
Project("{FAE04EC0-301F-11D3-BF4B-00C04F79EFBC}") = "NotificationService.Api", "services\notification-service\NotificationService.Api\NotificationService.Api.csproj", "{E1A8F605-EC21-4A0B-B124-518FE0B1B03B}"
EndProject
Project("{FAE04EC0-301F-11D3-BF4B-00C04F79EFBC}") = "NotificationService.Application", "services\notification-service\NotificationService.Application\NotificationService.Application.csproj", "{FA58728C-28E3-4132-BC2D-EF45F58C76E1}"
EndProject
Project("{FAE04EC0-301F-11D3-BF4B-00C04F79EFBC}") = "NotificationService.Domain", "services\notification-service\NotificationService.Domain\NotificationService.Domain.csproj", "{772BC8A8-37C5-439A-8D77-1EA9F2603CF6}"
EndProject
Project("{FAE04EC0-301F-11D3-BF4B-00C04F79EFBC}") = "NotificationService.Infrastructure", "services\notification-service\NotificationService.Infrastructure\NotificationService.Infrastructure.csproj", "{0BD6A682-C919-4AF4-95B2-AD30EC33AD84}"
EndProject
Project("{FAE04EC0-301F-11D3-BF4B-00C04F79EFBC}") = "NotificationService.Tests", "services\notification-service\NotificationService.Tests\NotificationService.Tests.csproj", "{342F2490-81EF-42FB-8112-18148BD3B4BD}"
EndProject
Project("{2150E333-8FDC-42A3-9474-1A3956D46DE8}") = "shared", "shared", "{4F52FD11-658E-A102-6CD3-7D7C16FFA15B}"
EndProject
Project("{FAE04EC0-301F-11D3-BF4B-00C04F79EFBC}") = "Shared.Contracts", "shared\Shared.Contracts\Shared.Contracts.csproj", "{6F12D7A4-B13C-4815-BF8B-EAC925B95C67}"
EndProject
Project("{FAE04EC0-301F-11D3-BF4B-00C04F79EFBC}") = "Shared.Infrastructure", "shared\Shared.Infrastructure\Shared.Infrastructure.csproj", "{1B3C6607-3585-499F-8981-5E2913D7AD07}"
EndProject
Project("{FAE04EC0-301F-11D3-BF4B-00C04F79EFBC}") = "Shared.Tests", "shared\Shared.Tests\Shared.Tests.csproj", "{FABFAFC3-717B-4B8E-9C19-57A291104AD9}"
EndProject
Project("{E53339B2-1760-4266-BCC7-CA923CBCF16C}") = "docker-compose", "docker-compose.dcproj", "{81DDED9D-158B-E303-5F62-77A2896D2A5A}"
EndProject
Global
	GlobalSection(SolutionConfigurationPlatforms) = preSolution
		Debug|Any CPU = Debug|Any CPU
		Debug|x64 = Debug|x64
		Debug|x86 = Debug|x86
		Release|Any CPU = Release|Any CPU
		Release|x64 = Release|x64
		Release|x86 = Release|x86
	EndGlobalSection
	GlobalSection(ProjectConfigurationPlatforms) = postSolution
		{BEFDB840-4E85-4676-BC25-21754DB61218}.Debug|Any CPU.ActiveCfg = Debug|Any CPU
		{BEFDB840-4E85-4676-BC25-21754DB61218}.Debug|Any CPU.Build.0 = Debug|Any CPU
		{BEFDB840-4E85-4676-BC25-21754DB61218}.Debug|x64.ActiveCfg = Debug|Any CPU
		{BEFDB840-4E85-4676-BC25-21754DB61218}.Debug|x64.Build.0 = Debug|Any CPU
		{BEFDB840-4E85-4676-BC25-21754DB61218}.Debug|x86.ActiveCfg = Debug|Any CPU
		{BEFDB840-4E85-4676-BC25-21754DB61218}.Debug|x86.Build.0 = Debug|Any CPU
		{BEFDB840-4E85-4676-BC25-21754DB61218}.Release|Any CPU.ActiveCfg = Release|Any CPU
		{BEFDB840-4E85-4676-BC25-21754DB61218}.Release|Any CPU.Build.0 = Release|Any CPU
		{BEFDB840-4E85-4676-BC25-21754DB61218}.Release|x64.ActiveCfg = Release|Any CPU
		{BEFDB840-4E85-4676-BC25-21754DB61218}.Release|x64.Build.0 = Release|Any CPU
		{BEFDB840-4E85-4676-BC25-21754DB61218}.Release|x86.ActiveCfg = Release|Any CPU
		{BEFDB840-4E85-4676-BC25-21754DB61218}.Release|x86.Build.0 = Release|Any CPU
		{8FD2AAAF-BBE4-4687-878E-CA8321B5EE3D}.Debug|Any CPU.ActiveCfg = Debug|Any CPU
		{8FD2AAAF-BBE4-4687-878E-CA8321B5EE3D}.Debug|Any CPU.Build.0 = Debug|Any CPU
		{8FD2AAAF-BBE4-4687-878E-CA8321B5EE3D}.Debug|x64.ActiveCfg = Debug|Any CPU
		{8FD2AAAF-BBE4-4687-878E-CA8321B5EE3D}.Debug|x64.Build.0 = Debug|Any CPU
		{8FD2AAAF-BBE4-4687-878E-CA8321B5EE3D}.Debug|x86.ActiveCfg = Debug|Any CPU
		{8FD2AAAF-BBE4-4687-878E-CA8321B5EE3D}.Debug|x86.Build.0 = Debug|Any CPU
		{8FD2AAAF-BBE4-4687-878E-CA8321B5EE3D}.Release|Any CPU.ActiveCfg = Release|Any CPU
		{8FD2AAAF-BBE4-4687-878E-CA8321B5EE3D}.Release|Any CPU.Build.0 = Release|Any CPU
		{8FD2AAAF-BBE4-4687-878E-CA8321B5EE3D}.Release|x64.ActiveCfg = Release|Any CPU
		{8FD2AAAF-BBE4-4687-878E-CA8321B5EE3D}.Release|x64.Build.0 = Release|Any CPU
		{8FD2AAAF-BBE4-4687-878E-CA8321B5EE3D}.Release|x86.ActiveCfg = Release|Any CPU
		{8FD2AAAF-BBE4-4687-878E-CA8321B5EE3D}.Release|x86.Build.0 = Release|Any CPU
		{F7939672-6B3F-4259-A363-91E23B211BAF}.Debug|Any CPU.ActiveCfg = Debug|Any CPU
		{F7939672-6B3F-4259-A363-91E23B211BAF}.Debug|Any CPU.Build.0 = Debug|Any CPU
		{F7939672-6B3F-4259-A363-91E23B211BAF}.Debug|x64.ActiveCfg = Debug|Any CPU
		{F7939672-6B3F-4259-A363-91E23B211BAF}.Debug|x64.Build.0 = Debug|Any CPU
		{F7939672-6B3F-4259-A363-91E23B211BAF}.Debug|x86.ActiveCfg = Debug|Any CPU
		{F7939672-6B3F-4259-A363-91E23B211BAF}.Debug|x86.Build.0 = Debug|Any CPU
		{F7939672-6B3F-4259-A363-91E23B211BAF}.Release|Any CPU.ActiveCfg = Release|Any CPU
		{F7939672-6B3F-4259-A363-91E23B211BAF}.Release|Any CPU.Build.0 = Release|Any CPU
		{F7939672-6B3F-4259-A363-91E23B211BAF}.Release|x64.ActiveCfg = Release|Any CPU
		{F7939672-6B3F-4259-A363-91E23B211BAF}.Release|x64.Build.0 = Release|Any CPU
		{F7939672-6B3F-4259-A363-91E23B211BAF}.Release|x86.ActiveCfg = Release|Any CPU
		{F7939672-6B3F-4259-A363-91E23B211BAF}.Release|x86.Build.0 = Release|Any CPU
		{5ED4C63B-1E35-4A0A-83D3-29EB551DEE9A}.Debug|Any CPU.ActiveCfg = Debug|Any CPU
		{5ED4C63B-1E35-4A0A-83D3-29EB551DEE9A}.Debug|Any CPU.Build.0 = Debug|Any CPU
		{5ED4C63B-1E35-4A0A-83D3-29EB551DEE9A}.Debug|x64.ActiveCfg = Debug|Any CPU
		{5ED4C63B-1E35-4A0A-83D3-29EB551DEE9A}.Debug|x64.Build.0 = Debug|Any CPU
		{5ED4C63B-1E35-4A0A-83D3-29EB551DEE9A}.Debug|x86.ActiveCfg = Debug|Any CPU
		{5ED4C63B-1E35-4A0A-83D3-29EB551DEE9A}.Debug|x86.Build.0 = Debug|Any CPU
		{5ED4C63B-1E35-4A0A-83D3-29EB551DEE9A}.Release|Any CPU.ActiveCfg = Release|Any CPU
		{5ED4C63B-1E35-4A0A-83D3-29EB551DEE9A}.Release|Any CPU.Build.0 = Release|Any CPU
		{5ED4C63B-1E35-4A0A-83D3-29EB551DEE9A}.Release|x64.ActiveCfg = Release|Any CPU
		{5ED4C63B-1E35-4A0A-83D3-29EB551DEE9A}.Release|x64.Build.0 = Release|Any CPU
		{5ED4C63B-1E35-4A0A-83D3-29EB551DEE9A}.Release|x86.ActiveCfg = Release|Any CPU
		{5ED4C63B-1E35-4A0A-83D3-29EB551DEE9A}.Release|x86.Build.0 = Release|Any CPU
		{E77E2EF2-768B-4A6F-9D4C-1BE79FFD2353}.Debug|Any CPU.ActiveCfg = Debug|Any CPU
		{E77E2EF2-768B-4A6F-9D4C-1BE79FFD2353}.Debug|Any CPU.Build.0 = Debug|Any CPU
		{E77E2EF2-768B-4A6F-9D4C-1BE79FFD2353}.Debug|x64.ActiveCfg = Debug|Any CPU
		{E77E2EF2-768B-4A6F-9D4C-1BE79FFD2353}.Debug|x64.Build.0 = Debug|Any CPU
		{E77E2EF2-768B-4A6F-9D4C-1BE79FFD2353}.Debug|x86.ActiveCfg = Debug|Any CPU
		{E77E2EF2-768B-4A6F-9D4C-1BE79FFD2353}.Debug|x86.Build.0 = Debug|Any CPU
		{E77E2EF2-768B-4A6F-9D4C-1BE79FFD2353}.Release|Any CPU.ActiveCfg = Release|Any CPU
		{E77E2EF2-768B-4A6F-9D4C-1BE79FFD2353}.Release|Any CPU.Build.0 = Release|Any CPU
		{E77E2EF2-768B-4A6F-9D4C-1BE79FFD2353}.Release|x64.ActiveCfg = Release|Any CPU
		{E77E2EF2-768B-4A6F-9D4C-1BE79FFD2353}.Release|x64.Build.0 = Release|Any CPU
		{E77E2EF2-768B-4A6F-9D4C-1BE79FFD2353}.Release|x86.ActiveCfg = Release|Any CPU
		{E77E2EF2-768B-4A6F-9D4C-1BE79FFD2353}.Release|x86.Build.0 = Release|Any CPU
		{46433DD9-41E3-4E68-AD97-85C7D7D27CD1}.Debug|Any CPU.ActiveCfg = Debug|Any CPU
		{46433DD9-41E3-4E68-AD97-85C7D7D27CD1}.Debug|Any CPU.Build.0 = Debug|Any CPU
		{46433DD9-41E3-4E68-AD97-85C7D7D27CD1}.Debug|x64.ActiveCfg = Debug|Any CPU
		{46433DD9-41E3-4E68-AD97-85C7D7D27CD1}.Debug|x64.Build.0 = Debug|Any CPU
		{46433DD9-41E3-4E68-AD97-85C7D7D27CD1}.Debug|x86.ActiveCfg = Debug|Any CPU
		{46433DD9-41E3-4E68-AD97-85C7D7D27CD1}.Debug|x86.Build.0 = Debug|Any CPU
		{46433DD9-41E3-4E68-AD97-85C7D7D27CD1}.Release|Any CPU.ActiveCfg = Release|Any CPU
		{46433DD9-41E3-4E68-AD97-85C7D7D27CD1}.Release|Any CPU.Build.0 = Release|Any CPU
		{46433DD9-41E3-4E68-AD97-85C7D7D27CD1}.Release|x64.ActiveCfg = Release|Any CPU
		{46433DD9-41E3-4E68-AD97-85C7D7D27CD1}.Release|x64.Build.0 = Release|Any CPU
		{46433DD9-41E3-4E68-AD97-85C7D7D27CD1}.Release|x86.ActiveCfg = Release|Any CPU
		{46433DD9-41E3-4E68-AD97-85C7D7D27CD1}.Release|x86.Build.0 = Release|Any CPU
		{0ABAF0A2-A800-447F-B48F-53E4F7C66663}.Debug|Any CPU.ActiveCfg = Debug|Any CPU
		{0ABAF0A2-A800-447F-B48F-53E4F7C66663}.Debug|Any CPU.Build.0 = Debug|Any CPU
		{0ABAF0A2-A800-447F-B48F-53E4F7C66663}.Debug|x64.ActiveCfg = Debug|Any CPU
		{0ABAF0A2-A800-447F-B48F-53E4F7C66663}.Debug|x64.Build.0 = Debug|Any CPU
		{0ABAF0A2-A800-447F-B48F-53E4F7C66663}.Debug|x86.ActiveCfg = Debug|Any CPU
		{0ABAF0A2-A800-447F-B48F-53E4F7C66663}.Debug|x86.Build.0 = Debug|Any CPU
		{0ABAF0A2-A800-447F-B48F-53E4F7C66663}.Release|Any CPU.ActiveCfg = Release|Any CPU
		{0ABAF0A2-A800-447F-B48F-53E4F7C66663}.Release|Any CPU.Build.0 = Release|Any CPU
		{0ABAF0A2-A800-447F-B48F-53E4F7C66663}.Release|x64.ActiveCfg = Release|Any CPU
		{0ABAF0A2-A800-447F-B48F-53E4F7C66663}.Release|x64.Build.0 = Release|Any CPU
		{0ABAF0A2-A800-447F-B48F-53E4F7C66663}.Release|x86.ActiveCfg = Release|Any CPU
		{0ABAF0A2-A800-447F-B48F-53E4F7C66663}.Release|x86.Build.0 = Release|Any CPU
		{76CA6B96-EF53-44F4-9B02-8FAC7E84A3AA}.Debug|Any CPU.ActiveCfg = Debug|Any CPU
		{76CA6B96-EF53-44F4-9B02-8FAC7E84A3AA}.Debug|Any CPU.Build.0 = Debug|Any CPU
		{76CA6B96-EF53-44F4-9B02-8FAC7E84A3AA}.Debug|x64.ActiveCfg = Debug|Any CPU
		{76CA6B96-EF53-44F4-9B02-8FAC7E84A3AA}.Debug|x64.Build.0 = Debug|Any CPU
		{76CA6B96-EF53-44F4-9B02-8FAC7E84A3AA}.Debug|x86.ActiveCfg = Debug|Any CPU
		{76CA6B96-EF53-44F4-9B02-8FAC7E84A3AA}.Debug|x86.Build.0 = Debug|Any CPU
		{76CA6B96-EF53-44F4-9B02-8FAC7E84A3AA}.Release|Any CPU.ActiveCfg = Release|Any CPU
		{76CA6B96-EF53-44F4-9B02-8FAC7E84A3AA}.Release|Any CPU.Build.0 = Release|Any CPU
		{76CA6B96-EF53-44F4-9B02-8FAC7E84A3AA}.Release|x64.ActiveCfg = Release|Any CPU
		{76CA6B96-EF53-44F4-9B02-8FAC7E84A3AA}.Release|x64.Build.0 = Release|Any CPU
		{76CA6B96-EF53-44F4-9B02-8FAC7E84A3AA}.Release|x86.ActiveCfg = Release|Any CPU
		{76CA6B96-EF53-44F4-9B02-8FAC7E84A3AA}.Release|x86.Build.0 = Release|Any CPU
		{562764C6-4A5B-4540-9FE5-E02C49B53F06}.Debug|Any CPU.ActiveCfg = Debug|Any CPU
		{562764C6-4A5B-4540-9FE5-E02C49B53F06}.Debug|Any CPU.Build.0 = Debug|Any CPU
		{562764C6-4A5B-4540-9FE5-E02C49B53F06}.Debug|x64.ActiveCfg = Debug|Any CPU
		{562764C6-4A5B-4540-9FE5-E02C49B53F06}.Debug|x64.Build.0 = Debug|Any CPU
		{562764C6-4A5B-4540-9FE5-E02C49B53F06}.Debug|x86.ActiveCfg = Debug|Any CPU
		{562764C6-4A5B-4540-9FE5-E02C49B53F06}.Debug|x86.Build.0 = Debug|Any CPU
		{562764C6-4A5B-4540-9FE5-E02C49B53F06}.Release|Any CPU.ActiveCfg = Release|Any CPU
		{562764C6-4A5B-4540-9FE5-E02C49B53F06}.Release|Any CPU.Build.0 = Release|Any CPU
		{562764C6-4A5B-4540-9FE5-E02C49B53F06}.Release|x64.ActiveCfg = Release|Any CPU
		{562764C6-4A5B-4540-9FE5-E02C49B53F06}.Release|x64.Build.0 = Release|Any CPU
		{562764C6-4A5B-4540-9FE5-E02C49B53F06}.Release|x86.ActiveCfg = Release|Any CPU
		{562764C6-4A5B-4540-9FE5-E02C49B53F06}.Release|x86.Build.0 = Release|Any CPU
		{01963EAE-FE90-438A-ABAF-02DBEF0BB19C}.Debug|Any CPU.ActiveCfg = Debug|Any CPU
		{01963EAE-FE90-438A-ABAF-02DBEF0BB19C}.Debug|Any CPU.Build.0 = Debug|Any CPU
		{01963EAE-FE90-438A-ABAF-02DBEF0BB19C}.Debug|x64.ActiveCfg = Debug|Any CPU
		{01963EAE-FE90-438A-ABAF-02DBEF0BB19C}.Debug|x64.Build.0 = Debug|Any CPU
		{01963EAE-FE90-438A-ABAF-02DBEF0BB19C}.Debug|x86.ActiveCfg = Debug|Any CPU
		{01963EAE-FE90-438A-ABAF-02DBEF0BB19C}.Debug|x86.Build.0 = Debug|Any CPU
		{01963EAE-FE90-438A-ABAF-02DBEF0BB19C}.Release|Any CPU.ActiveCfg = Release|Any CPU
		{01963EAE-FE90-438A-ABAF-02DBEF0BB19C}.Release|Any CPU.Build.0 = Release|Any CPU
		{01963EAE-FE90-438A-ABAF-02DBEF0BB19C}.Release|x64.ActiveCfg = Release|Any CPU
		{01963EAE-FE90-438A-ABAF-02DBEF0BB19C}.Release|x64.Build.0 = Release|Any CPU
		{01963EAE-FE90-438A-ABAF-02DBEF0BB19C}.Release|x86.ActiveCfg = Release|Any CPU
		{01963EAE-FE90-438A-ABAF-02DBEF0BB19C}.Release|x86.Build.0 = Release|Any CPU
		{BD90C353-5EAA-46CB-A9CB-F90C1359B228}.Debug|Any CPU.ActiveCfg = Debug|Any CPU
		{BD90C353-5EAA-46CB-A9CB-F90C1359B228}.Debug|Any CPU.Build.0 = Debug|Any CPU
		{BD90C353-5EAA-46CB-A9CB-F90C1359B228}.Debug|x64.ActiveCfg = Debug|Any CPU
		{BD90C353-5EAA-46CB-A9CB-F90C1359B228}.Debug|x64.Build.0 = Debug|Any CPU
		{BD90C353-5EAA-46CB-A9CB-F90C1359B228}.Debug|x86.ActiveCfg = Debug|Any CPU
		{BD90C353-5EAA-46CB-A9CB-F90C1359B228}.Debug|x86.Build.0 = Debug|Any CPU
		{BD90C353-5EAA-46CB-A9CB-F90C1359B228}.Release|Any CPU.ActiveCfg = Release|Any CPU
		{BD90C353-5EAA-46CB-A9CB-F90C1359B228}.Release|Any CPU.Build.0 = Release|Any CPU
		{BD90C353-5EAA-46CB-A9CB-F90C1359B228}.Release|x64.ActiveCfg = Release|Any CPU
		{BD90C353-5EAA-46CB-A9CB-F90C1359B228}.Release|x64.Build.0 = Release|Any CPU
		{BD90C353-5EAA-46CB-A9CB-F90C1359B228}.Release|x86.ActiveCfg = Release|Any CPU
		{BD90C353-5EAA-46CB-A9CB-F90C1359B228}.Release|x86.Build.0 = Release|Any CPU
		{0A19A4CD-BEAE-4737-B045-6BC751D81F3B}.Debug|Any CPU.ActiveCfg = Debug|Any CPU
		{0A19A4CD-BEAE-4737-B045-6BC751D81F3B}.Debug|Any CPU.Build.0 = Debug|Any CPU
		{0A19A4CD-BEAE-4737-B045-6BC751D81F3B}.Debug|x64.ActiveCfg = Debug|Any CPU
		{0A19A4CD-BEAE-4737-B045-6BC751D81F3B}.Debug|x64.Build.0 = Debug|Any CPU
		{0A19A4CD-BEAE-4737-B045-6BC751D81F3B}.Debug|x86.ActiveCfg = Debug|Any CPU
		{0A19A4CD-BEAE-4737-B045-6BC751D81F3B}.Debug|x86.Build.0 = Debug|Any CPU
		{0A19A4CD-BEAE-4737-B045-6BC751D81F3B}.Release|Any CPU.ActiveCfg = Release|Any CPU
		{0A19A4CD-BEAE-4737-B045-6BC751D81F3B}.Release|Any CPU.Build.0 = Release|Any CPU
		{0A19A4CD-BEAE-4737-B045-6BC751D81F3B}.Release|x64.ActiveCfg = Release|Any CPU
		{0A19A4CD-BEAE-4737-B045-6BC751D81F3B}.Release|x64.Build.0 = Release|Any CPU
		{0A19A4CD-BEAE-4737-B045-6BC751D81F3B}.Release|x86.ActiveCfg = Release|Any CPU
		{0A19A4CD-BEAE-4737-B045-6BC751D81F3B}.Release|x86.Build.0 = Release|Any CPU
		{BA59E25F-F273-4ED1-896C-6E7F4EF96A97}.Debug|Any CPU.ActiveCfg = Debug|Any CPU
		{BA59E25F-F273-4ED1-896C-6E7F4EF96A97}.Debug|Any CPU.Build.0 = Debug|Any CPU
		{BA59E25F-F273-4ED1-896C-6E7F4EF96A97}.Debug|x64.ActiveCfg = Debug|Any CPU
		{BA59E25F-F273-4ED1-896C-6E7F4EF96A97}.Debug|x64.Build.0 = Debug|Any CPU
		{BA59E25F-F273-4ED1-896C-6E7F4EF96A97}.Debug|x86.ActiveCfg = Debug|Any CPU
		{BA59E25F-F273-4ED1-896C-6E7F4EF96A97}.Debug|x86.Build.0 = Debug|Any CPU
		{BA59E25F-F273-4ED1-896C-6E7F4EF96A97}.Release|Any CPU.ActiveCfg = Release|Any CPU
		{BA59E25F-F273-4ED1-896C-6E7F4EF96A97}.Release|Any CPU.Build.0 = Release|Any CPU
		{BA59E25F-F273-4ED1-896C-6E7F4EF96A97}.Release|x64.ActiveCfg = Release|Any CPU
		{BA59E25F-F273-4ED1-896C-6E7F4EF96A97}.Release|x64.Build.0 = Release|Any CPU
		{BA59E25F-F273-4ED1-896C-6E7F4EF96A97}.Release|x86.ActiveCfg = Release|Any CPU
		{BA59E25F-F273-4ED1-896C-6E7F4EF96A97}.Release|x86.Build.0 = Release|Any CPU
		{7B453383-A3A7-4CC3-A315-929B6FF9A5E4}.Debug|Any CPU.ActiveCfg = Debug|Any CPU
		{7B453383-A3A7-4CC3-A315-929B6FF9A5E4}.Debug|Any CPU.Build.0 = Debug|Any CPU
		{7B453383-A3A7-4CC3-A315-929B6FF9A5E4}.Debug|x64.ActiveCfg = Debug|Any CPU
		{7B453383-A3A7-4CC3-A315-929B6FF9A5E4}.Debug|x64.Build.0 = Debug|Any CPU
		{7B453383-A3A7-4CC3-A315-929B6FF9A5E4}.Debug|x86.ActiveCfg = Debug|Any CPU
		{7B453383-A3A7-4CC3-A315-929B6FF9A5E4}.Debug|x86.Build.0 = Debug|Any CPU
		{7B453383-A3A7-4CC3-A315-929B6FF9A5E4}.Release|Any CPU.ActiveCfg = Release|Any CPU
		{7B453383-A3A7-4CC3-A315-929B6FF9A5E4}.Release|Any CPU.Build.0 = Release|Any CPU
		{7B453383-A3A7-4CC3-A315-929B6FF9A5E4}.Release|x64.ActiveCfg = Release|Any CPU
		{7B453383-A3A7-4CC3-A315-929B6FF9A5E4}.Release|x64.Build.0 = Release|Any CPU
		{7B453383-A3A7-4CC3-A315-929B6FF9A5E4}.Release|x86.ActiveCfg = Release|Any CPU
		{7B453383-A3A7-4CC3-A315-929B6FF9A5E4}.Release|x86.Build.0 = Release|Any CPU
		{53856AF0-BE54-433D-A43A-35E847550585}.Debug|Any CPU.ActiveCfg = Debug|Any CPU
		{53856AF0-BE54-433D-A43A-35E847550585}.Debug|Any CPU.Build.0 = Debug|Any CPU
		{53856AF0-BE54-433D-A43A-35E847550585}.Debug|x64.ActiveCfg = Debug|Any CPU
		{53856AF0-BE54-433D-A43A-35E847550585}.Debug|x64.Build.0 = Debug|Any CPU
		{53856AF0-BE54-433D-A43A-35E847550585}.Debug|x86.ActiveCfg = Debug|Any CPU
		{53856AF0-BE54-433D-A43A-35E847550585}.Debug|x86.Build.0 = Debug|Any CPU
		{53856AF0-BE54-433D-A43A-35E847550585}.Release|Any CPU.ActiveCfg = Release|Any CPU
		{53856AF0-BE54-433D-A43A-35E847550585}.Release|Any CPU.Build.0 = Release|Any CPU
		{53856AF0-BE54-433D-A43A-35E847550585}.Release|x64.ActiveCfg = Release|Any CPU
		{53856AF0-BE54-433D-A43A-35E847550585}.Release|x64.Build.0 = Release|Any CPU
		{53856AF0-BE54-433D-A43A-35E847550585}.Release|x86.ActiveCfg = Release|Any CPU
		{53856AF0-BE54-433D-A43A-35E847550585}.Release|x86.Build.0 = Release|Any CPU
		{9EA2B76B-3C66-49C1-9BC1-5F668288C9EA}.Debug|Any CPU.ActiveCfg = Debug|Any CPU
		{9EA2B76B-3C66-49C1-9BC1-5F668288C9EA}.Debug|Any CPU.Build.0 = Debug|Any CPU
		{9EA2B76B-3C66-49C1-9BC1-5F668288C9EA}.Debug|x64.ActiveCfg = Debug|Any CPU
		{9EA2B76B-3C66-49C1-9BC1-5F668288C9EA}.Debug|x64.Build.0 = Debug|Any CPU
		{9EA2B76B-3C66-49C1-9BC1-5F668288C9EA}.Debug|x86.ActiveCfg = Debug|Any CPU
		{9EA2B76B-3C66-49C1-9BC1-5F668288C9EA}.Debug|x86.Build.0 = Debug|Any CPU
		{9EA2B76B-3C66-49C1-9BC1-5F668288C9EA}.Release|Any CPU.ActiveCfg = Release|Any CPU
		{9EA2B76B-3C66-49C1-9BC1-5F668288C9EA}.Release|Any CPU.Build.0 = Release|Any CPU
		{9EA2B76B-3C66-49C1-9BC1-5F668288C9EA}.Release|x64.ActiveCfg = Release|Any CPU
		{9EA2B76B-3C66-49C1-9BC1-5F668288C9EA}.Release|x64.Build.0 = Release|Any CPU
		{9EA2B76B-3C66-49C1-9BC1-5F668288C9EA}.Release|x86.ActiveCfg = Release|Any CPU
		{9EA2B76B-3C66-49C1-9BC1-5F668288C9EA}.Release|x86.Build.0 = Release|Any CPU
		{35CEB4E5-9DC6-4666-83C9-5A509D146170}.Debug|Any CPU.ActiveCfg = Debug|Any CPU
		{35CEB4E5-9DC6-4666-83C9-5A509D146170}.Debug|Any CPU.Build.0 = Debug|Any CPU
		{35CEB4E5-9DC6-4666-83C9-5A509D146170}.Debug|x64.ActiveCfg = Debug|Any CPU
		{35CEB4E5-9DC6-4666-83C9-5A509D146170}.Debug|x64.Build.0 = Debug|Any CPU
		{35CEB4E5-9DC6-4666-83C9-5A509D146170}.Debug|x86.ActiveCfg = Debug|Any CPU
		{35CEB4E5-9DC6-4666-83C9-5A509D146170}.Debug|x86.Build.0 = Debug|Any CPU
		{35CEB4E5-9DC6-4666-83C9-5A509D146170}.Release|Any CPU.ActiveCfg = Release|Any CPU
		{35CEB4E5-9DC6-4666-83C9-5A509D146170}.Release|Any CPU.Build.0 = Release|Any CPU
		{35CEB4E5-9DC6-4666-83C9-5A509D146170}.Release|x64.ActiveCfg = Release|Any CPU
		{35CEB4E5-9DC6-4666-83C9-5A509D146170}.Release|x64.Build.0 = Release|Any CPU
		{35CEB4E5-9DC6-4666-83C9-5A509D146170}.Release|x86.ActiveCfg = Release|Any CPU
		{35CEB4E5-9DC6-4666-83C9-5A509D146170}.Release|x86.Build.0 = Release|Any CPU
		{E1A8F605-EC21-4A0B-B124-518FE0B1B03B}.Debug|Any CPU.ActiveCfg = Debug|Any CPU
		{E1A8F605-EC21-4A0B-B124-518FE0B1B03B}.Debug|Any CPU.Build.0 = Debug|Any CPU
		{E1A8F605-EC21-4A0B-B124-518FE0B1B03B}.Debug|x64.ActiveCfg = Debug|Any CPU
		{E1A8F605-EC21-4A0B-B124-518FE0B1B03B}.Debug|x64.Build.0 = Debug|Any CPU
		{E1A8F605-EC21-4A0B-B124-518FE0B1B03B}.Debug|x86.ActiveCfg = Debug|Any CPU
		{E1A8F605-EC21-4A0B-B124-518FE0B1B03B}.Debug|x86.Build.0 = Debug|Any CPU
		{E1A8F605-EC21-4A0B-B124-518FE0B1B03B}.Release|Any CPU.ActiveCfg = Release|Any CPU
		{E1A8F605-EC21-4A0B-B124-518FE0B1B03B}.Release|Any CPU.Build.0 = Release|Any CPU
		{E1A8F605-EC21-4A0B-B124-518FE0B1B03B}.Release|x64.ActiveCfg = Release|Any CPU
		{E1A8F605-EC21-4A0B-B124-518FE0B1B03B}.Release|x64.Build.0 = Release|Any CPU
		{E1A8F605-EC21-4A0B-B124-518FE0B1B03B}.Release|x86.ActiveCfg = Release|Any CPU
		{E1A8F605-EC21-4A0B-B124-518FE0B1B03B}.Release|x86.Build.0 = Release|Any CPU
		{FA58728C-28E3-4132-BC2D-EF45F58C76E1}.Debug|Any CPU.ActiveCfg = Debug|Any CPU
		{FA58728C-28E3-4132-BC2D-EF45F58C76E1}.Debug|Any CPU.Build.0 = Debug|Any CPU
		{FA58728C-28E3-4132-BC2D-EF45F58C76E1}.Debug|x64.ActiveCfg = Debug|Any CPU
		{FA58728C-28E3-4132-BC2D-EF45F58C76E1}.Debug|x64.Build.0 = Debug|Any CPU
		{FA58728C-28E3-4132-BC2D-EF45F58C76E1}.Debug|x86.ActiveCfg = Debug|Any CPU
		{FA58728C-28E3-4132-BC2D-EF45F58C76E1}.Debug|x86.Build.0 = Debug|Any CPU
		{FA58728C-28E3-4132-BC2D-EF45F58C76E1}.Release|Any CPU.ActiveCfg = Release|Any CPU
		{FA58728C-28E3-4132-BC2D-EF45F58C76E1}.Release|Any CPU.Build.0 = Release|Any CPU
		{FA58728C-28E3-4132-BC2D-EF45F58C76E1}.Release|x64.ActiveCfg = Release|Any CPU
		{FA58728C-28E3-4132-BC2D-EF45F58C76E1}.Release|x64.Build.0 = Release|Any CPU
		{FA58728C-28E3-4132-BC2D-EF45F58C76E1}.Release|x86.ActiveCfg = Release|Any CPU
		{FA58728C-28E3-4132-BC2D-EF45F58C76E1}.Release|x86.Build.0 = Release|Any CPU
		{772BC8A8-37C5-439A-8D77-1EA9F2603CF6}.Debug|Any CPU.ActiveCfg = Debug|Any CPU
		{772BC8A8-37C5-439A-8D77-1EA9F2603CF6}.Debug|Any CPU.Build.0 = Debug|Any CPU
		{772BC8A8-37C5-439A-8D77-1EA9F2603CF6}.Debug|x64.ActiveCfg = Debug|Any CPU
		{772BC8A8-37C5-439A-8D77-1EA9F2603CF6}.Debug|x64.Build.0 = Debug|Any CPU
		{772BC8A8-37C5-439A-8D77-1EA9F2603CF6}.Debug|x86.ActiveCfg = Debug|Any CPU
		{772BC8A8-37C5-439A-8D77-1EA9F2603CF6}.Debug|x86.Build.0 = Debug|Any CPU
		{772BC8A8-37C5-439A-8D77-1EA9F2603CF6}.Release|Any CPU.ActiveCfg = Release|Any CPU
		{772BC8A8-37C5-439A-8D77-1EA9F2603CF6}.Release|Any CPU.Build.0 = Release|Any CPU
		{772BC8A8-37C5-439A-8D77-1EA9F2603CF6}.Release|x64.ActiveCfg = Release|Any CPU
		{772BC8A8-37C5-439A-8D77-1EA9F2603CF6}.Release|x64.Build.0 = Release|Any CPU
		{772BC8A8-37C5-439A-8D77-1EA9F2603CF6}.Release|x86.ActiveCfg = Release|Any CPU
		{772BC8A8-37C5-439A-8D77-1EA9F2603CF6}.Release|x86.Build.0 = Release|Any CPU
		{0BD6A682-C919-4AF4-95B2-AD30EC33AD84}.Debug|Any CPU.ActiveCfg = Debug|Any CPU
		{0BD6A682-C919-4AF4-95B2-AD30EC33AD84}.Debug|Any CPU.Build.0 = Debug|Any CPU
		{0BD6A682-C919-4AF4-95B2-AD30EC33AD84}.Debug|x64.ActiveCfg = Debug|Any CPU
		{0BD6A682-C919-4AF4-95B2-AD30EC33AD84}.Debug|x64.Build.0 = Debug|Any CPU
		{0BD6A682-C919-4AF4-95B2-AD30EC33AD84}.Debug|x86.ActiveCfg = Debug|Any CPU
		{0BD6A682-C919-4AF4-95B2-AD30EC33AD84}.Debug|x86.Build.0 = Debug|Any CPU
		{0BD6A682-C919-4AF4-95B2-AD30EC33AD84}.Release|Any CPU.ActiveCfg = Release|Any CPU
		{0BD6A682-C919-4AF4-95B2-AD30EC33AD84}.Release|Any CPU.Build.0 = Release|Any CPU
		{0BD6A682-C919-4AF4-95B2-AD30EC33AD84}.Release|x64.ActiveCfg = Release|Any CPU
		{0BD6A682-C919-4AF4-95B2-AD30EC33AD84}.Release|x64.Build.0 = Release|Any CPU
		{0BD6A682-C919-4AF4-95B2-AD30EC33AD84}.Release|x86.ActiveCfg = Release|Any CPU
		{0BD6A682-C919-4AF4-95B2-AD30EC33AD84}.Release|x86.Build.0 = Release|Any CPU
		{342F2490-81EF-42FB-8112-18148BD3B4BD}.Debug|Any CPU.ActiveCfg = Debug|Any CPU
		{342F2490-81EF-42FB-8112-18148BD3B4BD}.Debug|Any CPU.Build.0 = Debug|Any CPU
		{342F2490-81EF-42FB-8112-18148BD3B4BD}.Debug|x64.ActiveCfg = Debug|Any CPU
		{342F2490-81EF-42FB-8112-18148BD3B4BD}.Debug|x64.Build.0 = Debug|Any CPU
		{342F2490-81EF-42FB-8112-18148BD3B4BD}.Debug|x86.ActiveCfg = Debug|Any CPU
		{342F2490-81EF-42FB-8112-18148BD3B4BD}.Debug|x86.Build.0 = Debug|Any CPU
		{342F2490-81EF-42FB-8112-18148BD3B4BD}.Release|Any CPU.ActiveCfg = Release|Any CPU
		{342F2490-81EF-42FB-8112-18148BD3B4BD}.Release|Any CPU.Build.0 = Release|Any CPU
		{342F2490-81EF-42FB-8112-18148BD3B4BD}.Release|x64.ActiveCfg = Release|Any CPU
		{342F2490-81EF-42FB-8112-18148BD3B4BD}.Release|x64.Build.0 = Release|Any CPU
		{342F2490-81EF-42FB-8112-18148BD3B4BD}.Release|x86.ActiveCfg = Release|Any CPU
		{342F2490-81EF-42FB-8112-18148BD3B4BD}.Release|x86.Build.0 = Release|Any CPU
		{6F12D7A4-B13C-4815-BF8B-EAC925B95C67}.Debug|Any CPU.ActiveCfg = Debug|Any CPU
		{6F12D7A4-B13C-4815-BF8B-EAC925B95C67}.Debug|Any CPU.Build.0 = Debug|Any CPU
		{6F12D7A4-B13C-4815-BF8B-EAC925B95C67}.Debug|x64.ActiveCfg = Debug|Any CPU
		{6F12D7A4-B13C-4815-BF8B-EAC925B95C67}.Debug|x64.Build.0 = Debug|Any CPU
		{6F12D7A4-B13C-4815-BF8B-EAC925B95C67}.Debug|x86.ActiveCfg = Debug|Any CPU
		{6F12D7A4-B13C-4815-BF8B-EAC925B95C67}.Debug|x86.Build.0 = Debug|Any CPU
		{6F12D7A4-B13C-4815-BF8B-EAC925B95C67}.Release|Any CPU.ActiveCfg = Release|Any CPU
		{6F12D7A4-B13C-4815-BF8B-EAC925B95C67}.Release|Any CPU.Build.0 = Release|Any CPU
		{6F12D7A4-B13C-4815-BF8B-EAC925B95C67}.Release|x64.ActiveCfg = Release|Any CPU
		{6F12D7A4-B13C-4815-BF8B-EAC925B95C67}.Release|x64.Build.0 = Release|Any CPU
		{6F12D7A4-B13C-4815-BF8B-EAC925B95C67}.Release|x86.ActiveCfg = Release|Any CPU
		{6F12D7A4-B13C-4815-BF8B-EAC925B95C67}.Release|x86.Build.0 = Release|Any CPU
		{1B3C6607-3585-499F-8981-5E2913D7AD07}.Debug|Any CPU.ActiveCfg = Debug|Any CPU
		{1B3C6607-3585-499F-8981-5E2913D7AD07}.Debug|Any CPU.Build.0 = Debug|Any CPU
		{1B3C6607-3585-499F-8981-5E2913D7AD07}.Debug|x64.ActiveCfg = Debug|Any CPU
		{1B3C6607-3585-499F-8981-5E2913D7AD07}.Debug|x64.Build.0 = Debug|Any CPU
		{1B3C6607-3585-499F-8981-5E2913D7AD07}.Debug|x86.ActiveCfg = Debug|Any CPU
		{1B3C6607-3585-499F-8981-5E2913D7AD07}.Debug|x86.Build.0 = Debug|Any CPU
		{1B3C6607-3585-499F-8981-5E2913D7AD07}.Release|Any CPU.ActiveCfg = Release|Any CPU
		{1B3C6607-3585-499F-8981-5E2913D7AD07}.Release|Any CPU.Build.0 = Release|Any CPU
		{1B3C6607-3585-499F-8981-5E2913D7AD07}.Release|x64.ActiveCfg = Release|Any CPU
		{1B3C6607-3585-499F-8981-5E2913D7AD07}.Release|x64.Build.0 = Release|Any CPU
		{1B3C6607-3585-499F-8981-5E2913D7AD07}.Release|x86.ActiveCfg = Release|Any CPU
		{1B3C6607-3585-499F-8981-5E2913D7AD07}.Release|x86.Build.0 = Release|Any CPU
		{FABFAFC3-717B-4B8E-9C19-57A291104AD9}.Debug|Any CPU.ActiveCfg = Debug|Any CPU
		{FABFAFC3-717B-4B8E-9C19-57A291104AD9}.Debug|Any CPU.Build.0 = Debug|Any CPU
		{FABFAFC3-717B-4B8E-9C19-57A291104AD9}.Debug|x64.ActiveCfg = Debug|Any CPU
		{FABFAFC3-717B-4B8E-9C19-57A291104AD9}.Debug|x64.Build.0 = Debug|Any CPU
		{FABFAFC3-717B-4B8E-9C19-57A291104AD9}.Debug|x86.ActiveCfg = Debug|Any CPU
		{FABFAFC3-717B-4B8E-9C19-57A291104AD9}.Debug|x86.Build.0 = Debug|Any CPU
		{FABFAFC3-717B-4B8E-9C19-57A291104AD9}.Release|Any CPU.ActiveCfg = Release|Any CPU
		{FABFAFC3-717B-4B8E-9C19-57A291104AD9}.Release|Any CPU.Build.0 = Release|Any CPU
		{FABFAFC3-717B-4B8E-9C19-57A291104AD9}.Release|x64.ActiveCfg = Release|Any CPU
		{FABFAFC3-717B-4B8E-9C19-57A291104AD9}.Release|x64.Build.0 = Release|Any CPU
		{FABFAFC3-717B-4B8E-9C19-57A291104AD9}.Release|x86.ActiveCfg = Release|Any CPU
		{FABFAFC3-717B-4B8E-9C19-57A291104AD9}.Release|x86.Build.0 = Release|Any CPU
		{81DDED9D-158B-E303-5F62-77A2896D2A5A}.Debug|Any CPU.ActiveCfg = Debug|Any CPU
		{81DDED9D-158B-E303-5F62-77A2896D2A5A}.Debug|Any CPU.Build.0 = Debug|Any CPU
		{81DDED9D-158B-E303-5F62-77A2896D2A5A}.Debug|x64.ActiveCfg = Debug|Any CPU
		{81DDED9D-158B-E303-5F62-77A2896D2A5A}.Debug|x64.Build.0 = Debug|Any CPU
		{81DDED9D-158B-E303-5F62-77A2896D2A5A}.Debug|x86.ActiveCfg = Debug|Any CPU
		{81DDED9D-158B-E303-5F62-77A2896D2A5A}.Debug|x86.Build.0 = Debug|Any CPU
		{81DDED9D-158B-E303-5F62-77A2896D2A5A}.Release|Any CPU.ActiveCfg = Release|Any CPU
		{81DDED9D-158B-E303-5F62-77A2896D2A5A}.Release|Any CPU.Build.0 = Release|Any CPU
		{81DDED9D-158B-E303-5F62-77A2896D2A5A}.Release|x64.ActiveCfg = Release|Any CPU
		{81DDED9D-158B-E303-5F62-77A2896D2A5A}.Release|x64.Build.0 = Release|Any CPU
		{81DDED9D-158B-E303-5F62-77A2896D2A5A}.Release|x86.ActiveCfg = Release|Any CPU
		{81DDED9D-158B-E303-5F62-77A2896D2A5A}.Release|x86.Build.0 = Release|Any CPU
	EndGlobalSection
	GlobalSection(SolutionProperties) = preSolution
		HideSolutionNode = FALSE
	EndGlobalSection
	GlobalSection(NestedProjects) = preSolution
		{BEFDB840-4E85-4676-BC25-21754DB61218} = {E7BDDBC6-9FD1-D1D7-ACD8-2C4F8E3D2461}
		{8FD2AAAF-BBE4-4687-878E-CA8321B5EE3D} = {E7BDDBC6-9FD1-D1D7-ACD8-2C4F8E3D2461}
		{894F4CE1-B484-F744-A4B2-6323977B165A} = {5854FF58-B8C5-05C6-5BF2-ACE42193F22B}
		{F7939672-6B3F-4259-A363-91E23B211BAF} = {894F4CE1-B484-F744-A4B2-6323977B165A}
		{5ED4C63B-1E35-4A0A-83D3-29EB551DEE9A} = {894F4CE1-B484-F744-A4B2-6323977B165A}
		{E77E2EF2-768B-4A6F-9D4C-1BE79FFD2353} = {894F4CE1-B484-F744-A4B2-6323977B165A}
		{46433DD9-41E3-4E68-AD97-85C7D7D27CD1} = {894F4CE1-B484-F744-A4B2-6323977B165A}
		{0ABAF0A2-A800-447F-B48F-53E4F7C66663} = {894F4CE1-B484-F744-A4B2-6323977B165A}
		{0A4BA796-2639-87B5-8D50-FE6CF0121D9B} = {5854FF58-B8C5-05C6-5BF2-ACE42193F22B}
		{76CA6B96-EF53-44F4-9B02-8FAC7E84A3AA} = {0A4BA796-2639-87B5-8D50-FE6CF0121D9B}
		{562764C6-4A5B-4540-9FE5-E02C49B53F06} = {0A4BA796-2639-87B5-8D50-FE6CF0121D9B}
		{01963EAE-FE90-438A-ABAF-02DBEF0BB19C} = {0A4BA796-2639-87B5-8D50-FE6CF0121D9B}
		{BD90C353-5EAA-46CB-A9CB-F90C1359B228} = {0A4BA796-2639-87B5-8D50-FE6CF0121D9B}
		{0A19A4CD-BEAE-4737-B045-6BC751D81F3B} = {0A4BA796-2639-87B5-8D50-FE6CF0121D9B}
		{E9398DED-F562-AFE8-5F6E-0D7C5D6EA6E0} = {5854FF58-B8C5-05C6-5BF2-ACE42193F22B}
		{BA59E25F-F273-4ED1-896C-6E7F4EF96A97} = {E9398DED-F562-AFE8-5F6E-0D7C5D6EA6E0}
		{7B453383-A3A7-4CC3-A315-929B6FF9A5E4} = {E9398DED-F562-AFE8-5F6E-0D7C5D6EA6E0}
		{53856AF0-BE54-433D-A43A-35E847550585} = {E9398DED-F562-AFE8-5F6E-0D7C5D6EA6E0}
		{9EA2B76B-3C66-49C1-9BC1-5F668288C9EA} = {E9398DED-F562-AFE8-5F6E-0D7C5D6EA6E0}
		{35CEB4E5-9DC6-4666-83C9-5A509D146170} = {E9398DED-F562-AFE8-5F6E-0D7C5D6EA6E0}
		{C11069B0-78FC-CF9E-9D65-12F697A0DBA7} = {5854FF58-B8C5-05C6-5BF2-ACE42193F22B}
		{E1A8F605-EC21-4A0B-B124-518FE0B1B03B} = {C11069B0-78FC-CF9E-9D65-12F697A0DBA7}
		{FA58728C-28E3-4132-BC2D-EF45F58C76E1} = {C11069B0-78FC-CF9E-9D65-12F697A0DBA7}
		{772BC8A8-37C5-439A-8D77-1EA9F2603CF6} = {C11069B0-78FC-CF9E-9D65-12F697A0DBA7}
		{0BD6A682-C919-4AF4-95B2-AD30EC33AD84} = {C11069B0-78FC-CF9E-9D65-12F697A0DBA7}
		{342F2490-81EF-42FB-8112-18148BD3B4BD} = {C11069B0-78FC-CF9E-9D65-12F697A0DBA7}
		{6F12D7A4-B13C-4815-BF8B-EAC925B95C67} = {4F52FD11-658E-A102-6CD3-7D7C16FFA15B}
		{1B3C6607-3585-499F-8981-5E2913D7AD07} = {4F52FD11-658E-A102-6CD3-7D7C16FFA15B}
		{FABFAFC3-717B-4B8E-9C19-57A291104AD9} = {4F52FD11-658E-A102-6CD3-7D7C16FFA15B}
	EndGlobalSection
EndGlobal
